
Microsoft Visual Studio Solution File, Format Version 12.00
# Visual Studio Version 17
VisualStudioVersion = 17.9.34902.65
MinimumVisualStudioVersion = 10.0.40219.1
Project("{FAE04EC0-301F-11D3-BF4B-00C04F79EFBC}") = "PrincipioOC", "PrincipioOC\PrincipioOC.csproj", "{4EDE31F6-3D22-4200-81D1-638EC9F4FA9C}"
EndProject
Global
	GlobalSection(SolutionConfigurationPlatforms) = preSolution
		Debug|Any CPU = Debug|Any CPU
		Release|Any CPU = Release|Any CPU
	EndGlobalSection
	GlobalSection(ProjectConfigurationPlatforms) = postSolution
		{4EDE31F6-3D22-4200-81D1-638EC9F4FA9C}.Debug|Any CPU.ActiveCfg = Debug|Any CPU
		{4EDE31F6-3D22-4200-81D1-638EC9F4FA9C}.Debug|Any CPU.Build.0 = Debug|Any CPU
		{4EDE31F6-3D22-4200-81D1-638EC9F4FA9C}.Release|Any CPU.ActiveCfg = Release|Any CPU
		{4EDE31F6-3D22-4200-81D1-638EC9F4FA9C}.Release|Any CPU.Build.0 = Release|Any CPU
	EndGlobalSection
	GlobalSection(SolutionProperties) = preSolution
		HideSolutionNode = FALSE
	EndGlobalSection
	GlobalSection(ExtensibilityGlobals) = postSolution
		SolutionGuid = {F4E8549E-54CC-451B-A58E-780CCB2AD2B4}
	EndGlobalSection
EndGlobal
